
Microsoft Visual Studio Solution File, Format Version 12.00
# Visual Studio 15
Project("{FAE04EC0-301F-11D3-BF4B-00C04F79EFBC}") = "Assembly-CSharp", "Assembly-CSharp.csproj", "{1AC2C2BB-5DE1-AF7A-4925-301BA8EB8D62}"
EndProject
Project("{FAE04EC0-301F-11D3-BF4B-00C04F79EFBC}") = "Assembly-CSharp-firstpass", "Assembly-CSharp-firstpass.csproj", "{38883EAB-4FEF-0778-3256-1C09F0556A08}"
EndProject
Global
	GlobalSection(SolutionConfigurationPlatforms) = preSolution
		Debug|Any CPU = Debug|Any CPU
		Release|Any CPU = Release|Any CPU
	EndGlobalSection
	GlobalSection(ProjectConfigurationPlatforms) = postSolution
		{1AC2C2BB-5DE1-AF7A-4925-301BA8EB8D62}.Debug|Any CPU.ActiveCfg = Debug|Any CPU
		{1AC2C2BB-5DE1-AF7A-4925-301BA8EB8D62}.Debug|Any CPU.Build.0 = Debug|Any CPU
		{1AC2C2BB-5DE1-AF7A-4925-301BA8EB8D62}.Release|Any CPU.ActiveCfg = Release|Any CPU
		{1AC2C2BB-5DE1-AF7A-4925-301BA8EB8D62}.Release|Any CPU.Build.0 = Release|Any CPU
		{38883EAB-4FEF-0778-3256-1C09F0556A08}.Debug|Any CPU.ActiveCfg = Debug|Any CPU
		{38883EAB-4FEF-0778-3256-1C09F0556A08}.Debug|Any CPU.Build.0 = Debug|Any CPU
		{38883EAB-4FEF-0778-3256-1C09F0556A08}.Release|Any CPU.ActiveCfg = Release|Any CPU
		{38883EAB-4FEF-0778-3256-1C09F0556A08}.Release|Any CPU.Build.0 = Release|Any CPU
	EndGlobalSection
	GlobalSection(SolutionProperties) = preSolution
		HideSolutionNode = FALSE
	EndGlobalSection
EndGlobal
